
Microsoft Visual Studio Solution File, Format Version 12.00
# Visual Studio Version 16
VisualStudioVersion = 16.0.30523.141
MinimumVisualStudioVersion = 10.0.40219.1
Project("{FAE04EC0-301F-11D3-BF4B-00C04F79EFBC}") = "WpfSimple", "WpfSimple.csproj", "{CADBFD6F-3B00-40A9-B424-EEE0E0C690CA}"
EndProject
Global
	GlobalSection(SolutionConfigurationPlatforms) = preSolution
		Debug|Any CPU = Debug|Any CPU
		Release|Any CPU = Release|Any CPU
	EndGlobalSection
	GlobalSection(ProjectConfigurationPlatforms) = postSolution
		{CADBFD6F-3B00-40A9-B424-EEE0E0C690CA}.Debug|Any CPU.ActiveCfg = Debug|Any CPU
		{CADBFD6F-3B00-40A9-B424-EEE0E0C690CA}.Debug|Any CPU.Build.0 = Debug|Any CPU
		{CADBFD6F-3B00-40A9-B424-EEE0E0C690CA}.Release|Any CPU.ActiveCfg = Release|Any CPU
		{CADBFD6F-3B00-40A9-B424-EEE0E0C690CA}.Release|Any CPU.Build.0 = Release|Any CPU
	EndGlobalSection
	GlobalSection(SolutionProperties) = preSolution
		HideSolutionNode = FALSE
	EndGlobalSection
	GlobalSection(ExtensibilityGlobals) = postSolution
		SolutionGuid = {B7DD8FFE-BA44-423A-AC01-6E5BE4EE5529}
	EndGlobalSection
EndGlobal
